
Microsoft Visual Studio Solution File, Format Version 12.00
# Visual Studio Version 17
VisualStudioVersion = 17.5.002.0
MinimumVisualStudioVersion = 10.0.40219.1
Project("{9A19103F-16F7-4668-BE54-9A1E7A4F7556}") = "CoolGame", "CoolGame.csproj", "{962D1EB4-48E4-4A5E-8CBB-F27AA180A22E}"
EndProject
Global
	GlobalSection(SolutionConfigurationPlatforms) = preSolution
		Debug|Any CPU = Debug|Any CPU
		Release|Any CPU = Release|Any CPU
	EndGlobalSection
	GlobalSection(ProjectConfigurationPlatforms) = postSolution
		{962D1EB4-48E4-4A5E-8CBB-F27AA180A22E}.Debug|Any CPU.ActiveCfg = Debug|Any CPU
		{962D1EB4-48E4-4A5E-8CBB-F27AA180A22E}.Debug|Any CPU.Build.0 = Debug|Any CPU
		{962D1EB4-48E4-4A5E-8CBB-F27AA180A22E}.Release|Any CPU.ActiveCfg = Release|Any CPU
		{962D1EB4-48E4-4A5E-8CBB-F27AA180A22E}.Release|Any CPU.Build.0 = Release|Any CPU
	EndGlobalSection
	GlobalSection(SolutionProperties) = preSolution
		HideSolutionNode = FALSE
	EndGlobalSection
	GlobalSection(ExtensibilityGlobals) = postSolution
		SolutionGuid = {7773C02E-215D-420C-BE36-092C365DBDD3}
	EndGlobalSection
EndGlobal
